{
  "version": 4,
  "terraform_version": "1.5.7",
  "serial": 4,
  "lineage": "fab667b3-5876-b5b0-1a3f-e41a7946348c",
  "outputs": {},
  "resources": [
    {
      "mode": "managed",
      "type": "google_storage_bucket",
      "name": "bucket_olist",
      "provider": "provider[\"registry.terraform.io/hashicorp/google\"]",
      "instances": [
        {
          "schema_version": 4,
          "attributes": {
            "autoclass": [],
            "cors": [],
            "custom_placement_config": [],
            "default_event_based_hold": false,
            "effective_labels": {
              "goog-terraform-provisioned": "true"
            },
            "enable_object_retention": false,
            "encryption": [],
            "force_destroy": false,
            "hierarchical_namespace": [
              {
                "enabled": false
              }
            ],
            "id": "bucket_olist",
            "ip_filter": [],
            "labels": {},
            "lifecycle_rule": [],
            "location": "US",
            "logging": [],
            "name": "bucket_olist",
            "project": "projectolist-483623",
            "project_number": 1088388005276,
            "public_access_prevention": "inherited",
            "requester_pays": false,
            "retention_policy": [],
            "rpo": "DEFAULT",
            "self_link": "https://www.googleapis.com/storage/v1/b/bucket_olist",
            "soft_delete_policy": [
              {
                "effective_time": "2026-01-09T12:26:26.773Z",
                "retention_duration_seconds": 604800
              }
            ],
            "storage_class": "STANDARD",
            "terraform_labels": {
              "goog-terraform-provisioned": "true"
            },
            "time_created": "2026-01-09T12:26:26.773Z",
            "timeouts": null,
            "uniform_bucket_level_access": true,
            "updated": "2026-01-09T12:26:26.773Z",
            "url": "gs://bucket_olist",
            "versioning": [],
            "website": []
          },
          "sensitive_attributes": [],
          "private": "eyJlMmJmYjczMC1lY2FhLTExZTYtOGY4OC0zNDM2M2JjN2M0YzAiOnsiY3JlYXRlIjo2MDAwMDAwMDAwMDAsInJlYWQiOjI0MDAwMDAwMDAwMCwidXBkYXRlIjoyNDAwMDAwMDAwMDB9LCJzY2hlbWFfdmVyc2lvbiI6IjQifQ=="
        }
      ]
    }
  ],
  "check_results": null
}
